
Microsoft Visual Studio Solution File, Format Version 12.00
# Visual Studio Version 17
VisualStudioVersion = 17.8.34525.116
MinimumVisualStudioVersion = 10.0.40219.1
Project("{FAE04EC0-301F-11D3-BF4B-00C04F79EFBC}") = "ASPLearning", "ASPLearning.csproj", "{DB109050-31B0-4D51-AC4A-AA1BC280AC3C}"
EndProject
Global
	GlobalSection(SolutionConfigurationPlatforms) = preSolution
		Debug|Any CPU = Debug|Any CPU
		Release|Any CPU = Release|Any CPU
	EndGlobalSection
	GlobalSection(ProjectConfigurationPlatforms) = postSolution
		{DB109050-31B0-4D51-AC4A-AA1BC280AC3C}.Debug|Any CPU.ActiveCfg = Debug|Any CPU
		{DB109050-31B0-4D51-AC4A-AA1BC280AC3C}.Debug|Any CPU.Build.0 = Debug|Any CPU
		{DB109050-31B0-4D51-AC4A-AA1BC280AC3C}.Release|Any CPU.ActiveCfg = Release|Any CPU
		{DB109050-31B0-4D51-AC4A-AA1BC280AC3C}.Release|Any CPU.Build.0 = Release|Any CPU
	EndGlobalSection
	GlobalSection(SolutionProperties) = preSolution
		HideSolutionNode = FALSE
	EndGlobalSection
	GlobalSection(ExtensibilityGlobals) = postSolution
		SolutionGuid = {BDED8E73-079A-4D99-B8FA-3710A650DDDC}
	EndGlobalSection
EndGlobal
